// !$*UTF8*$!
{
	archiveVersion = 1;
	classes = {
	};
	objectVersion = 77;
	objects = {

/* Begin PBXContainerItemProxy section */
		D61553FE2CF8DA8E000CEEAC /* PBXContainerItemProxy */ = {
			isa = PBXContainerItemProxy;
			containerPortal = D61553DF2CF8DA8D000CEEAC /* Project object */;
			proxyType = 1;
			remoteGlobalIDString = D61553E62CF8DA8D000CEEAC;
			remoteInfo = KCReactiveDragonBall;
		};
		D61554082CF8DA8E000CEEAC /* PBXContainerItemProxy */ = {
			isa = PBXContainerItemProxy;
			containerPortal = D61553DF2CF8DA8D000CEEAC /* Project object */;
			proxyType = 1;
			remoteGlobalIDString = D61553E62CF8DA8D000CEEAC;
			remoteInfo = KCReactiveDragonBall;
		};
/* End PBXContainerItemProxy section */

/* Begin PBXFileReference section */
		D61553E72CF8DA8D000CEEAC /* KCReactiveDragonBall.app */ = {isa = PBXFileReference; explicitFileType = wrapper.application; includeInIndex = 0; path = KCReactiveDragonBall.app; sourceTree = BUILT_PRODUCTS_DIR; };
		D61553FD2CF8DA8E000CEEAC /* KCReactiveDragonBallTests.xctest */ = {isa = PBXFileReference; explicitFileType = wrapper.cfbundle; includeInIndex = 0; path = KCReactiveDragonBallTests.xctest; sourceTree = BUILT_PRODUCTS_DIR; };
		D61554072CF8DA8E000CEEAC /* KCReactiveDragonBallUITests.xctest */ = {isa = PBXFileReference; explicitFileType = wrapper.cfbundle; includeInIndex = 0; path = KCReactiveDragonBallUITests.xctest; sourceTree = BUILT_PRODUCTS_DIR; };
/* End PBXFileReference section */

/* Begin PBXFileSystemSynchronizedBuildFileExceptionSet section */
		D615540F2CF8DA8E000CEEAC /* Exceptions for "KCReactiveDragonBall" folder in "KCReactiveDragonBall" target */ = {
			isa = PBXFileSystemSynchronizedBuildFileExceptionSet;
			membershipExceptions = (
				Info.plist,
			);
			target = D61553E62CF8DA8D000CEEAC /* KCReactiveDragonBall */;
		};
/* End PBXFileSystemSynchronizedBuildFileExceptionSet section */

/* Begin PBXFileSystemSynchronizedRootGroup section */
		D61553E92CF8DA8D000CEEAC /* KCReactiveDragonBall */ = {
			isa = PBXFileSystemSynchronizedRootGroup;
			exceptions = (
				D615540F2CF8DA8E000CEEAC /* Exceptions for "KCReactiveDragonBall" folder in "KCReactiveDragonBall" target */,
			);
			path = KCReactiveDragonBall;
			sourceTree = "<group>";
		};
		D61554002CF8DA8E000CEEAC /* KCReactiveDragonBallTests */ = {
			isa = PBXFileSystemSynchronizedRootGroup;
			path = KCReactiveDragonBallTests;
			sourceTree = "<group>";
		};
		D615540A2CF8DA8E000CEEAC /* KCReactiveDragonBallUITests */ = {
			isa = PBXFileSystemSynchronizedRootGroup;
			path = KCReactiveDragonBallUITests;
			sourceTree = "<group>";
		};
/* End PBXFileSystemSynchronizedRootGroup section */

/* Begin PBXFrameworksBuildPhase section */
		D61553E42CF8DA8D000CEEAC /* Frameworks */ = {
			isa = PBXFrameworksBuildPhase;
			buildActionMask = 2147483647;
			files = (
			);
			runOnlyForDeploymentPostprocessing = 0;
		};
		D61553FA2CF8DA8E000CEEAC /* Frameworks */ = {
			isa = PBXFrameworksBuildPhase;
			buildActionMask = 2147483647;
			files = (
			);
			runOnlyForDeploymentPostprocessing = 0;
		};
		D61554042CF8DA8E000CEEAC /* Frameworks */ = {
			isa = PBXFrameworksBuildPhase;
			buildActionMask = 2147483647;
			files = (
			);
			runOnlyForDeploymentPostprocessing = 0;
		};
/* End PBXFrameworksBuildPhase section */

/* Begin PBXGroup section */
		D61553DE2CF8DA8D000CEEAC = {
			isa = PBXGroup;
			children = (
				D61553E92CF8DA8D000CEEAC /* KCReactiveDragonBall */,
				D61554002CF8DA8E000CEEAC /* KCReactiveDragonBallTests */,
				D615540A2CF8DA8E000CEEAC /* KCReactiveDragonBallUITests */,
				D61553E82CF8DA8D000CEEAC /* Products */,
			);
			sourceTree = "<group>";
		};
		D61553E82CF8DA8D000CEEAC /* Products */ = {
			isa = PBXGroup;
			children = (
				D61553E72CF8DA8D000CEEAC /* KCReactiveDragonBall.app */,
				D61553FD2CF8DA8E000CEEAC /* KCReactiveDragonBallTests.xctest */,
				D61554072CF8DA8E000CEEAC /* KCReactiveDragonBallUITests.xctest */,
			);
			name = Products;
			sourceTree = "<group>";
		};
/* End PBXGroup section */

/* Begin PBXNativeTarget section */
		D61553E62CF8DA8D000CEEAC /* KCReactiveDragonBall */ = {
			isa = PBXNativeTarget;
			buildConfigurationList = D61554102CF8DA8E000CEEAC /* Build configuration list for PBXNativeTarget "KCReactiveDragonBall" */;
			buildPhases = (
				D61553E32CF8DA8D000CEEAC /* Sources */,
				D61553E42CF8DA8D000CEEAC /* Frameworks */,
				D61553E52CF8DA8D000CEEAC /* Resources */,
			);
			buildRules = (
			);
			dependencies = (
			);
			fileSystemSynchronizedGroups = (
				D61553E92CF8DA8D000CEEAC /* KCReactiveDragonBall */,
			);
			name = KCReactiveDragonBall;
			packageProductDependencies = (
			);
			productName = KCReactiveDragonBall;
			productReference = D61553E72CF8DA8D000CEEAC /* KCReactiveDragonBall.app */;
			productType = "com.apple.product-type.application";
		};
		D61553FC2CF8DA8E000CEEAC /* KCReactiveDragonBallTests */ = {
			isa = PBXNativeTarget;
			buildConfigurationList = D61554152CF8DA8E000CEEAC /* Build configuration list for PBXNativeTarget "KCReactiveDragonBallTests" */;
			buildPhases = (
				D61553F92CF8DA8E000CEEAC /* Sources */,
				D61553FA2CF8DA8E000CEEAC /* Frameworks */,
				D61553FB2CF8DA8E000CEEAC /* Resources */,
			);
			buildRules = (
			);
			dependencies = (
				D61553FF2CF8DA8E000CEEAC /* PBXTargetDependency */,
			);
			fileSystemSynchronizedGroups = (
				D61554002CF8DA8E000CEEAC /* KCReactiveDragonBallTests */,
			);
			name = KCReactiveDragonBallTests;
			packageProductDependencies = (
			);
			productName = KCReactiveDragonBallTests;
			productReference = D61553FD2CF8DA8E000CEEAC /* KCReactiveDragonBallTests.xctest */;
			productType = "com.apple.product-type.bundle.unit-test";
		};
		D61554062CF8DA8E000CEEAC /* KCReactiveDragonBallUITests */ = {
			isa = PBXNativeTarget;
			buildConfigurationList = D61554182CF8DA8E000CEEAC /* Build configuration list for PBXNativeTarget "KCReactiveDragonBallUITests" */;
			buildPhases = (
				D61554032CF8DA8E000CEEAC /* Sources */,
				D61554042CF8DA8E000CEEAC /* Frameworks */,
				D61554052CF8DA8E000CEEAC /* Resources */,
			);
			buildRules = (
			);
			dependencies = (
				D61554092CF8DA8E000CEEAC /* PBXTargetDependency */,
			);
			fileSystemSynchronizedGroups = (
				D615540A2CF8DA8E000CEEAC /* KCReactiveDragonBallUITests */,
			);
			name = KCReactiveDragonBallUITests;
			packageProductDependencies = (
			);
			productName = KCReactiveDragonBallUITests;
			productReference = D61554072CF8DA8E000CEEAC /* KCReactiveDragonBallUITests.xctest */;
			productType = "com.apple.product-type.bundle.ui-testing";
		};
/* End PBXNativeTarget section */

/* Begin PBXProject section */
		D61553DF2CF8DA8D000CEEAC /* Project object */ = {
			isa = PBXProject;
			attributes = {
				BuildIndependentTargetsInParallel = 1;
				LastSwiftUpdateCheck = 1600;
				LastUpgradeCheck = 1600;
				TargetAttributes = {
					D61553E62CF8DA8D000CEEAC = {
						CreatedOnToolsVersion = 16.0;
					};
					D61553FC2CF8DA8E000CEEAC = {
						CreatedOnToolsVersion = 16.0;
						TestTargetID = D61553E62CF8DA8D000CEEAC;
					};
					D61554062CF8DA8E000CEEAC = {
						CreatedOnToolsVersion = 16.0;
						TestTargetID = D61553E62CF8DA8D000CEEAC;
					};
				};
			};
			buildConfigurationList = D61553E22CF8DA8D000CEEAC /* Build configuration list for PBXProject "KCReactiveDragonBall" */;
			developmentRegion = en;
			hasScannedForEncodings = 0;
			knownRegions = (
				en,
				Base,
			);
			mainGroup = D61553DE2CF8DA8D000CEEAC;
			minimizedProjectReferenceProxies = 1;
			preferredProjectObjectVersion = 77;
			productRefGroup = D61553E82CF8DA8D000CEEAC /* Products */;
			projectDirPath = "";
			projectRoot = "";
			targets = (
				D61553E62CF8DA8D000CEEAC /* KCReactiveDragonBall */,
				D61553FC2CF8DA8E000CEEAC /* KCReactiveDragonBallTests */,
				D61554062CF8DA8E000CEEAC /* KCReactiveDragonBallUITests */,
			);
		};
/* End PBXProject section */

/* Begin PBXResourcesBuildPhase section */
		D61553E52CF8DA8D000CEEAC /* Resources */ = {
			isa = PBXResourcesBuildPhase;
			buildActionMask = 2147483647;
			files = (
			);
			runOnlyForDeploymentPostprocessing = 0;
		};
		D61553FB2CF8DA8E000CEEAC /* Resources */ = {
			isa = PBXResourcesBuildPhase;
			buildActionMask = 2147483647;
			files = (
			);
			runOnlyForDeploymentPostprocessing = 0;
		};
		D61554052CF8DA8E000CEEAC /* Resources */ = {
			isa = PBXResourcesBuildPhase;
			buildActionMask = 2147483647;
			files = (
			);
			runOnlyForDeploymentPostprocessing = 0;
		};
/* End PBXResourcesBuildPhase section */

/* Begin PBXSourcesBuildPhase section */
		D61553E32CF8DA8D000CEEAC /* Sources */ = {
			isa = PBXSourcesBuildPhase;
			buildActionMask = 2147483647;
			files = (
			);
			runOnlyForDeploymentPostprocessing = 0;
		};
		D61553F92CF8DA8E000CEEAC /* Sources */ = {
			isa = PBXSourcesBuildPhase;
			buildActionMask = 2147483647;
			files = (
			);
			runOnlyForDeploymentPostprocessing = 0;
		};
		D61554032CF8DA8E000CEEAC /* Sources */ = {
			isa = PBXSourcesBuildPhase;
			buildActionMask = 2147483647;
			files = (
			);
			runOnlyForDeploymentPostprocessing = 0;
		};
/* End PBXSourcesBuildPhase section */

/* Begin PBXTargetDependency section */
		D61553FF2CF8DA8E000CEEAC /* PBXTargetDependency */ = {
			isa = PBXTargetDependency;
			target = D61553E62CF8DA8D000CEEAC /* KCReactiveDragonBall */;
			targetProxy = D61553FE2CF8DA8E000CEEAC /* PBXContainerItemProxy */;
		};
		D61554092CF8DA8E000CEEAC /* PBXTargetDependency */ = {
			isa = PBXTargetDependency;
			target = D61553E62CF8DA8D000CEEAC /* KCReactiveDragonBall */;
			targetProxy = D61554082CF8DA8E000CEEAC /* PBXContainerItemProxy */;
		};
/* End PBXTargetDependency section */

/* Begin XCBuildConfiguration section */
		D61554112CF8DA8E000CEEAC /* Debug */ = {
			isa = XCBuildConfiguration;
			buildSettings = {
				ASSETCATALOG_COMPILER_APPICON_NAME = AppIcon;
				ASSETCATALOG_COMPILER_GLOBAL_ACCENT_COLOR_NAME = AccentColor;
				CODE_SIGN_STYLE = Automatic;
				CURRENT_PROJECT_VERSION = 1;
				DEVELOPMENT_TEAM = 6PFU32ZGFM;
				GENERATE_INFOPLIST_FILE = YES;
				INFOPLIST_FILE = KCReactiveDragonBall/Info.plist;
				INFOPLIST_KEY_UIApplicationSupportsIndirectInputEvents = YES;
				INFOPLIST_KEY_UILaunchStoryboardName = LaunchScreen;
				INFOPLIST_KEY_UIMainStoryboardFile = Main;
				INFOPLIST_KEY_UISupportedInterfaceOrientations_iPad = "UIInterfaceOrientationPortrait UIInterfaceOrientationPortraitUpsideDown UIInterfaceOrientationLandscapeLeft UIInterfaceOrientationLandscapeRight";
				INFOPLIST_KEY_UISupportedInterfaceOrientations_iPhone = "UIInterfaceOrientationPortrait UIInterfaceOrientationLandscapeLeft UIInterfaceOrientationLandscapeRight";
				LD_RUNPATH_SEARCH_PATHS = (
					"$(inherited)",
					"@executable_path/Frameworks",
				);
				MARKETING_VERSION = 1.0;
				PRODUCT_BUNDLE_IDENTIFIER = com.aroaborealus.KCReactiveDragonBall;
				PRODUCT_NAME = "$(TARGET_NAME)";
				SWIFT_EMIT_LOC_STRINGS = YES;
				SWIFT_VERSION = 5.0;
				TARGETED_DEVICE_FAMILY = "1,2";
			};
			name = Debug;
		};
		D61554122CF8DA8E000CEEAC /* Release */ = {
			isa = XCBuildConfiguration;
			buildSettings = {
				ASSETCATALOG_COMPILER_APPICON_NAME = AppIcon;
				ASSETCATALOG_COMPILER_GLOBAL_ACCENT_COLOR_NAME = AccentColor;
				CODE_SIGN_STYLE = Automatic;
				CURRENT_PROJECT_VERSION = 1;
				DEVELOPMENT_TEAM = 6PFU32ZGFM;
				GENERATE_INFOPLIST_FILE = YES;
				INFOPLIST_FILE = KCReactiveDragonBall/Info.plist;
				INFOPLIST_KEY_UIApplicationSupportsIndirectInputEvents = YES;
				INFOPLIST_KEY_UILaunchStoryboardName = LaunchScreen;
				INFOPLIST_KEY_UIMainStoryboardFile = Main;
				INFOPLIST_KEY_UISupportedInterfaceOrientations_iPad = "UIInterfaceOrientationPortrait UIInterfaceOrientationPortraitUpsideDown UIInterfaceOrientationLandscapeLeft UIInterfaceOrientationLandscapeRight";
				INFOPLIST_KEY_UISupportedInterfaceOrientations_iPhone = "UIInterfaceOrientationPortrait UIInterfaceOrientationLandscapeLeft UIInterfaceOrientationLandscapeRight";
				LD_RUNPATH_SEARCH_PATHS = (
					"$(inherited)",
					"@executable_path/Frameworks",
				);
				MARKETING_VERSION = 1.0;
				PRODUCT_BUNDLE_IDENTIFIER = com.aroaborealus.KCReactiveDragonBall;
				PRODUCT_NAME = "$(TARGET_NAME)";
				SWIFT_EMIT_LOC_STRINGS = YES;
				SWIFT_VERSION = 5.0;
				TARGETED_DEVICE_FAMILY = "1,2";
			};
			name = Release;
		};
		D61554132CF8DA8E000CEEAC /* Debug */ = {
			isa = XCBuildConfiguration;
			buildSettings = {
				ALWAYS_SEARCH_USER_PATHS = NO;
				ASSETCATALOG_COMPILER_GENERATE_SWIFT_ASSET_SYMBOL_EXTENSIONS = YES;
				CLANG_ANALYZER_NONNULL = YES;
				CLANG_ANALYZER_NUMBER_OBJECT_CONVERSION = YES_AGGRESSIVE;
				CLANG_CXX_LANGUAGE_STANDARD = "gnu++20";
				CLANG_ENABLE_MODULES = YES;
				CLANG_ENABLE_OBJC_ARC = YES;
				CLANG_ENABLE_OBJC_WEAK = YES;
				CLANG_WARN_BLOCK_CAPTURE_AUTORELEASING = YES;
				CLANG_WARN_BOOL_CONVERSION = YES;
				CLANG_WARN_COMMA = YES;
				CLANG_WARN_CONSTANT_CONVERSION = YES;
				CLANG_WARN_DEPRECATED_OBJC_IMPLEMENTATIONS = YES;
				CLANG_WARN_DIRECT_OBJC_ISA_USAGE = YES_ERROR;
				CLANG_WARN_DOCUMENTATION_COMMENTS = YES;
				CLANG_WARN_EMPTY_BODY = YES;
				CLANG_WARN_ENUM_CONVERSION = YES;
				CLANG_WARN_INFINITE_RECURSION = YES;
				CLANG_WARN_INT_CONVERSION = YES;
				CLANG_WARN_NON_LITERAL_NULL_CONVERSION = YES;
				CLANG_WARN_OBJC_IMPLICIT_RETAIN_SELF = YES;
				CLANG_WARN_OBJC_LITERAL_CONVERSION = YES;
				CLANG_WARN_OBJC_ROOT_CLASS = YES_ERROR;
				CLANG_WARN_QUOTED_INCLUDE_IN_FRAMEWORK_HEADER = YES;
				CLANG_WARN_RANGE_LOOP_ANALYSIS = YES;
				CLANG_WARN_STRICT_PROTOTYPES = YES;
				CLANG_WARN_SUSPICIOUS_MOVE = YES;
				CLANG_WARN_UNGUARDED_AVAILABILITY = YES_AGGRESSIVE;
				CLANG_WARN_UNREACHABLE_CODE = YES;
				CLANG_WARN__DUPLICATE_METHOD_MATCH = YES;
				COPY_PHASE_STRIP = NO;
				DEBUG_INFORMATION_FORMAT = dwarf;
				ENABLE_STRICT_OBJC_MSGSEND = YES;
				ENABLE_TESTABILITY = YES;
				ENABLE_USER_SCRIPT_SANDBOXING = YES;
				GCC_C_LANGUAGE_STANDARD = gnu17;
				GCC_DYNAMIC_NO_PIC = NO;
				GCC_NO_COMMON_BLOCKS = YES;
				GCC_OPTIMIZATION_LEVEL = 0;
				GCC_PREPROCESSOR_DEFINITIONS = (
					"DEBUG=1",
					"$(inherited)",
				);
				GCC_WARN_64_TO_32_BIT_CONVERSION = YES;
				GCC_WARN_ABOUT_RETURN_TYPE = YES_ERROR;
				GCC_WARN_UNDECLARED_SELECTOR = YES;
				GCC_WARN_UNINITIALIZED_AUTOS = YES_AGGRESSIVE;
				GCC_WARN_UNUSED_FUNCTION = YES;
				GCC_WARN_UNUSED_VARIABLE = YES;
				IPHONEOS_DEPLOYMENT_TARGET = 18.0;
				LOCALIZATION_PREFERS_STRING_CATALOGS = YES;
				MTL_ENABLE_DEBUG_INFO = INCLUDE_SOURCE;
				MTL_FAST_MATH = YES;
				ONLY_ACTIVE_ARCH = YES;
				SDKROOT = iphoneos;
				SWIFT_ACTIVE_COMPILATION_CONDITIONS = "DEBUG $(inherited)";
				SWIFT_OPTIMIZATION_LEVEL = "-Onone";
			};
			name = Debug;
		};
		D61554142CF8DA8E000CEEAC /* Release */ = {
			isa = XCBuildConfiguration;
			buildSettings = {
				ALWAYS_SEARCH_USER_PATHS = NO;
				ASSETCATALOG_COMPILER_GENERATE_SWIFT_ASSET_SYMBOL_EXTENSIONS = YES;
				CLANG_ANALYZER_NONNULL = YES;
				CLANG_ANALYZER_NUMBER_OBJECT_CONVERSION = YES_AGGRESSIVE;
				CLANG_CXX_LANGUAGE_STANDARD = "gnu++20";
				CLANG_ENABLE_MODULES = YES;
				CLANG_ENABLE_OBJC_ARC = YES;
				CLANG_ENABLE_OBJC_WEAK = YES;
				CLANG_WARN_BLOCK_CAPTURE_AUTORELEASING = YES;
				CLANG_WARN_BOOL_CONVERSION = YES;
				CLANG_WARN_COMMA = YES;
				CLANG_WARN_CONSTANT_CONVERSION = YES;
				CLANG_WARN_DEPRECATED_OBJC_IMPLEMENTATIONS = YES;
				CLANG_WARN_DIRECT_OBJC_ISA_USAGE = YES_ERROR;
				CLANG_WARN_DOCUMENTATION_COMMENTS = YES;
				CLANG_WARN_EMPTY_BODY = YES;
				CLANG_WARN_ENUM_CONVERSION = YES;
				CLANG_WARN_INFINITE_RECURSION = YES;
				CLANG_WARN_INT_CONVERSION = YES;
				CLANG_WARN_NON_LITERAL_NULL_CONVERSION = YES;
				CLANG_WARN_OBJC_IMPLICIT_RETAIN_SELF = YES;
				CLANG_WARN_OBJC_LITERAL_CONVERSION = YES;
				CLANG_WARN_OBJC_ROOT_CLASS = YES_ERROR;
				CLANG_WARN_QUOTED_INCLUDE_IN_FRAMEWORK_HEADER = YES;
				CLANG_WARN_RANGE_LOOP_ANALYSIS = YES;
				CLANG_WARN_STRICT_PROTOTYPES = YES;
				CLANG_WARN_SUSPICIOUS_MOVE = YES;
				CLANG_WARN_UNGUARDED_AVAILABILITY = YES_AGGRESSIVE;
				CLANG_WARN_UNREACHABLE_CODE = YES;
				CLANG_WARN__DUPLICATE_METHOD_MATCH = YES;
				COPY_PHASE_STRIP = NO;
				DEBUG_INFORMATION_FORMAT = "dwarf-with-dsym";
				ENABLE_NS_ASSERTIONS = NO;
				ENABLE_STRICT_OBJC_MSGSEND = YES;
				ENABLE_USER_SCRIPT_SANDBOXING = YES;
				GCC_C_LANGUAGE_STANDARD = gnu17;
				GCC_NO_COMMON_BLOCKS = YES;
				GCC_WARN_64_TO_32_BIT_CONVERSION = YES;
				GCC_WARN_ABOUT_RETURN_TYPE = YES_ERROR;
				GCC_WARN_UNDECLARED_SELECTOR = YES;
				GCC_WARN_UNINITIALIZED_AUTOS = YES_AGGRESSIVE;
				GCC_WARN_UNUSED_FUNCTION = YES;
				GCC_WARN_UNUSED_VARIABLE = YES;
				IPHONEOS_DEPLOYMENT_TARGET = 18.0;
				LOCALIZATION_PREFERS_STRING_CATALOGS = YES;
				MTL_ENABLE_DEBUG_INFO = NO;
				MTL_FAST_MATH = YES;
				SDKROOT = iphoneos;
				SWIFT_COMPILATION_MODE = wholemodule;
				VALIDATE_PRODUCT = YES;
			};
			name = Release;
		};
		D61554162CF8DA8E000CEEAC /* Debug */ = {
			isa = XCBuildConfiguration;
			buildSettings = {
				BUNDLE_LOADER = "$(TEST_HOST)";
				CODE_SIGN_STYLE = Automatic;
				CURRENT_PROJECT_VERSION = 1;
				DEVELOPMENT_TEAM = 6PFU32ZGFM;
				GENERATE_INFOPLIST_FILE = YES;
				IPHONEOS_DEPLOYMENT_TARGET = 18.0;
				MARKETING_VERSION = 1.0;
				PRODUCT_BUNDLE_IDENTIFIER = com.aroaborealus.KCReactiveDragonBallTests;
				PRODUCT_NAME = "$(TARGET_NAME)";
				SWIFT_EMIT_LOC_STRINGS = NO;
				SWIFT_VERSION = 5.0;
				TARGETED_DEVICE_FAMILY = "1,2";
				TEST_HOST = "$(BUILT_PRODUCTS_DIR)/KCReactiveDragonBall.app/$(BUNDLE_EXECUTABLE_FOLDER_PATH)/KCReactiveDragonBall";
			};
			name = Debug;
		};
		D61554172CF8DA8E000CEEAC /* Release */ = {
			isa = XCBuildConfiguration;
			buildSettings = {
				BUNDLE_LOADER = "$(TEST_HOST)";
				CODE_SIGN_STYLE = Automatic;
				CURRENT_PROJECT_VERSION = 1;
				DEVELOPMENT_TEAM = 6PFU32ZGFM;
				GENERATE_INFOPLIST_FILE = YES;
				IPHONEOS_DEPLOYMENT_TARGET = 18.0;
				MARKETING_VERSION = 1.0;
				PRODUCT_BUNDLE_IDENTIFIER = com.aroaborealus.KCReactiveDragonBallTests;
				PRODUCT_NAME = "$(TARGET_NAME)";
				SWIFT_EMIT_LOC_STRINGS = NO;
				SWIFT_VERSION = 5.0;
				TARGETED_DEVICE_FAMILY = "1,2";
				TEST_HOST = "$(BUILT_PRODUCTS_DIR)/KCReactiveDragonBall.app/$(BUNDLE_EXECUTABLE_FOLDER_PATH)/KCReactiveDragonBall";
			};
			name = Release;
		};
		D61554192CF8DA8E000CEEAC /* Debug */ = {
			isa = XCBuildConfiguration;
			buildSettings = {
				CODE_SIGN_STYLE = Automatic;
				CURRENT_PROJECT_VERSION = 1;
				DEVELOPMENT_TEAM = 6PFU32ZGFM;
				GENERATE_INFOPLIST_FILE = YES;
				MARKETING_VERSION = 1.0;
				PRODUCT_BUNDLE_IDENTIFIER = com.aroaborealus.KCReactiveDragonBallUITests;
				PRODUCT_NAME = "$(TARGET_NAME)";
				SWIFT_EMIT_LOC_STRINGS = NO;
				SWIFT_VERSION = 5.0;
				TARGETED_DEVICE_FAMILY = "1,2";
				TEST_TARGET_NAME = KCReactiveDragonBall;
			};
			name = Debug;
		};
		D615541A2CF8DA8E000CEEAC /* Release */ = {
			isa = XCBuildConfiguration;
			buildSettings = {
				CODE_SIGN_STYLE = Automatic;
				CURRENT_PROJECT_VERSION = 1;
				DEVELOPMENT_TEAM = 6PFU32ZGFM;
				GENERATE_INFOPLIST_FILE = YES;
				MARKETING_VERSION = 1.0;
				PRODUCT_BUNDLE_IDENTIFIER = com.aroaborealus.KCReactiveDragonBallUITests;
				PRODUCT_NAME = "$(TARGET_NAME)";
				SWIFT_EMIT_LOC_STRINGS = NO;
				SWIFT_VERSION = 5.0;
				TARGETED_DEVICE_FAMILY = "1,2";
				TEST_TARGET_NAME = KCReactiveDragonBall;
			};
			name = Release;
		};
/* End XCBuildConfiguration section */

/* Begin XCConfigurationList section */
		D61553E22CF8DA8D000CEEAC /* Build configuration list for PBXProject "KCReactiveDragonBall" */ = {
			isa = XCConfigurationList;
			buildConfigurations = (
				D61554132CF8DA8E000CEEAC /* Debug */,
				D61554142CF8DA8E000CEEAC /* Release */,
			);
			defaultConfigurationIsVisible = 0;
			defaultConfigurationName = Release;
		};
		D61554102CF8DA8E000CEEAC /* Build configuration list for PBXNativeTarget "KCReactiveDragonBall" */ = {
			isa = XCConfigurationList;
			buildConfigurations = (
				D61554112CF8DA8E000CEEAC /* Debug */,
				D61554122CF8DA8E000CEEAC /* Release */,
			);
			defaultConfigurationIsVisible = 0;
			defaultConfigurationName = Release;
		};
		D61554152CF8DA8E000CEEAC /* Build configuration list for PBXNativeTarget "KCReactiveDragonBallTests" */ = {
			isa = XCConfigurationList;
			buildConfigurations = (
				D61554162CF8DA8E000CEEAC /* Debug */,
				D61554172CF8DA8E000CEEAC /* Release */,
			);
			defaultConfigurationIsVisible = 0;
			defaultConfigurationName = Release;
		};
		D61554182CF8DA8E000CEEAC /* Build configuration list for PBXNativeTarget "KCReactiveDragonBallUITests" */ = {
			isa = XCConfigurationList;
			buildConfigurations = (
				D61554192CF8DA8E000CEEAC /* Debug */,
				D615541A2CF8DA8E000CEEAC /* Release */,
			);
			defaultConfigurationIsVisible = 0;
			defaultConfigurationName = Release;
		};
/* End XCConfigurationList section */
	};
	rootObject = D61553DF2CF8DA8D000CEEAC /* Project object */;
}
